
Microsoft Visual Studio Solution File, Format Version 12.00
# Visual Studio Version 16
VisualStudioVersion = 16.0.29709.97
MinimumVisualStudioVersion = 10.0.40219.1
Project("{FAE04EC0-301F-11D3-BF4B-00C04F79EFBC}") = "Task4", "Task4.csproj", "{FFDD8640-CA4C-4048-AB94-883B933B3D03}"
EndProject
Global
	GlobalSection(SolutionConfigurationPlatforms) = preSolution
		Debug|Any CPU = Debug|Any CPU
		Release|Any CPU = Release|Any CPU
	EndGlobalSection
	GlobalSection(ProjectConfigurationPlatforms) = postSolution
		{FFDD8640-CA4C-4048-AB94-883B933B3D03}.Debug|Any CPU.ActiveCfg = Debug|Any CPU
		{FFDD8640-CA4C-4048-AB94-883B933B3D03}.Debug|Any CPU.Build.0 = Debug|Any CPU
		{FFDD8640-CA4C-4048-AB94-883B933B3D03}.Release|Any CPU.ActiveCfg = Release|Any CPU
		{FFDD8640-CA4C-4048-AB94-883B933B3D03}.Release|Any CPU.Build.0 = Release|Any CPU
	EndGlobalSection
	GlobalSection(SolutionProperties) = preSolution
		HideSolutionNode = FALSE
	EndGlobalSection
	GlobalSection(ExtensibilityGlobals) = postSolution
		SolutionGuid = {88CA89B9-3358-45EF-8146-01892F7C215F}
	EndGlobalSection
EndGlobal
