
Microsoft Visual Studio Solution File, Format Version 12.00
# Visual Studio Version 16
VisualStudioVersion = 16.0.29920.165
MinimumVisualStudioVersion = 10.0.40219.1
Project("{FAE04EC0-301F-11D3-BF4B-00C04F79EFBC}") = "Task3", "Task3.csproj", "{604348D2-076B-4762-AA6F-3AEAFC406E5A}"
EndProject
Global
	GlobalSection(SolutionConfigurationPlatforms) = preSolution
		Debug|Any CPU = Debug|Any CPU
		Release|Any CPU = Release|Any CPU
	EndGlobalSection
	GlobalSection(ProjectConfigurationPlatforms) = postSolution
		{604348D2-076B-4762-AA6F-3AEAFC406E5A}.Debug|Any CPU.ActiveCfg = Debug|Any CPU
		{604348D2-076B-4762-AA6F-3AEAFC406E5A}.Debug|Any CPU.Build.0 = Debug|Any CPU
		{604348D2-076B-4762-AA6F-3AEAFC406E5A}.Release|Any CPU.ActiveCfg = Release|Any CPU
		{604348D2-076B-4762-AA6F-3AEAFC406E5A}.Release|Any CPU.Build.0 = Release|Any CPU
	EndGlobalSection
	GlobalSection(SolutionProperties) = preSolution
		HideSolutionNode = FALSE
	EndGlobalSection
	GlobalSection(ExtensibilityGlobals) = postSolution
		SolutionGuid = {576C32E0-03DC-4CD0-BAA3-A0DB900DDA75}
	EndGlobalSection
EndGlobal
