
Microsoft Visual Studio Solution File, Format Version 12.00
# Visual Studio Version 16
VisualStudioVersion = 16.0.29709.97
MinimumVisualStudioVersion = 10.0.40219.1
Project("{FAE04EC0-301F-11D3-BF4B-00C04F79EFBC}") = "Task9", "Task9.csproj", "{AC11188A-CDDC-4B7E-AFF8-3EFE3503167A}"
EndProject
Global
	GlobalSection(SolutionConfigurationPlatforms) = preSolution
		Debug|Any CPU = Debug|Any CPU
		Release|Any CPU = Release|Any CPU
	EndGlobalSection
	GlobalSection(ProjectConfigurationPlatforms) = postSolution
		{AC11188A-CDDC-4B7E-AFF8-3EFE3503167A}.Debug|Any CPU.ActiveCfg = Debug|Any CPU
		{AC11188A-CDDC-4B7E-AFF8-3EFE3503167A}.Debug|Any CPU.Build.0 = Debug|Any CPU
		{AC11188A-CDDC-4B7E-AFF8-3EFE3503167A}.Release|Any CPU.ActiveCfg = Release|Any CPU
		{AC11188A-CDDC-4B7E-AFF8-3EFE3503167A}.Release|Any CPU.Build.0 = Release|Any CPU
	EndGlobalSection
	GlobalSection(SolutionProperties) = preSolution
		HideSolutionNode = FALSE
	EndGlobalSection
	GlobalSection(ExtensibilityGlobals) = postSolution
		SolutionGuid = {DEF7EB87-32AE-40D7-83B3-5A9CBFE95482}
	EndGlobalSection
EndGlobal
