
Microsoft Visual Studio Solution File, Format Version 12.00
# Visual Studio Version 16
VisualStudioVersion = 16.0.29709.97
MinimumVisualStudioVersion = 10.0.40219.1
Project("{FAE04EC0-301F-11D3-BF4B-00C04F79EFBC}") = "Task10", "Task10.csproj", "{8E1DEF84-8751-407A-BB0C-C77277AA13DC}"
EndProject
Global
	GlobalSection(SolutionConfigurationPlatforms) = preSolution
		Debug|Any CPU = Debug|Any CPU
		Release|Any CPU = Release|Any CPU
	EndGlobalSection
	GlobalSection(ProjectConfigurationPlatforms) = postSolution
		{8E1DEF84-8751-407A-BB0C-C77277AA13DC}.Debug|Any CPU.ActiveCfg = Debug|Any CPU
		{8E1DEF84-8751-407A-BB0C-C77277AA13DC}.Debug|Any CPU.Build.0 = Debug|Any CPU
		{8E1DEF84-8751-407A-BB0C-C77277AA13DC}.Release|Any CPU.ActiveCfg = Release|Any CPU
		{8E1DEF84-8751-407A-BB0C-C77277AA13DC}.Release|Any CPU.Build.0 = Release|Any CPU
	EndGlobalSection
	GlobalSection(SolutionProperties) = preSolution
		HideSolutionNode = FALSE
	EndGlobalSection
	GlobalSection(ExtensibilityGlobals) = postSolution
		SolutionGuid = {271B5766-6844-42E9-8E05-6274C4E15040}
	EndGlobalSection
EndGlobal
