
Microsoft Visual Studio Solution File, Format Version 12.00
# Visual Studio Version 16
VisualStudioVersion = 16.0.29806.167
MinimumVisualStudioVersion = 10.0.40219.1
Project("{FAE04EC0-301F-11D3-BF4B-00C04F79EFBC}") = "Task7", "Task7.csproj", "{43875C06-BF9D-4477-BE04-3B08F02F8962}"
EndProject
Project("{FAE04EC0-301F-11D3-BF4B-00C04F79EFBC}") = "TextHelper", "TextHelper\TextHelper.csproj", "{FE7BE14D-7DCF-46BF-856F-52D839FD8CB2}"
EndProject
Global
	GlobalSection(SolutionConfigurationPlatforms) = preSolution
		Debug|Any CPU = Debug|Any CPU
		Release|Any CPU = Release|Any CPU
	EndGlobalSection
	GlobalSection(ProjectConfigurationPlatforms) = postSolution
		{43875C06-BF9D-4477-BE04-3B08F02F8962}.Debug|Any CPU.ActiveCfg = Debug|Any CPU
		{43875C06-BF9D-4477-BE04-3B08F02F8962}.Debug|Any CPU.Build.0 = Debug|Any CPU
		{43875C06-BF9D-4477-BE04-3B08F02F8962}.Release|Any CPU.ActiveCfg = Release|Any CPU
		{43875C06-BF9D-4477-BE04-3B08F02F8962}.Release|Any CPU.Build.0 = Release|Any CPU
		{FE7BE14D-7DCF-46BF-856F-52D839FD8CB2}.Debug|Any CPU.ActiveCfg = Debug|Any CPU
		{FE7BE14D-7DCF-46BF-856F-52D839FD8CB2}.Debug|Any CPU.Build.0 = Debug|Any CPU
		{FE7BE14D-7DCF-46BF-856F-52D839FD8CB2}.Release|Any CPU.ActiveCfg = Release|Any CPU
		{FE7BE14D-7DCF-46BF-856F-52D839FD8CB2}.Release|Any CPU.Build.0 = Release|Any CPU
	EndGlobalSection
	GlobalSection(SolutionProperties) = preSolution
		HideSolutionNode = FALSE
	EndGlobalSection
	GlobalSection(ExtensibilityGlobals) = postSolution
		SolutionGuid = {1AF73D93-F42E-4EEE-972E-E319A7F1F6A2}
	EndGlobalSection
EndGlobal
