
Microsoft Visual Studio Solution File, Format Version 12.00
# Visual Studio Version 16
VisualStudioVersion = 16.0.29509.3
MinimumVisualStudioVersion = 10.0.40219.1
Project("{FAE04EC0-301F-11D3-BF4B-00C04F79EFBC}") = "Task12", "Task12.csproj", "{925F6D67-9805-43AE-972B-23617556034E}"
EndProject
Global
	GlobalSection(SolutionConfigurationPlatforms) = preSolution
		Debug|Any CPU = Debug|Any CPU
		Release|Any CPU = Release|Any CPU
	EndGlobalSection
	GlobalSection(ProjectConfigurationPlatforms) = postSolution
		{925F6D67-9805-43AE-972B-23617556034E}.Debug|Any CPU.ActiveCfg = Debug|Any CPU
		{925F6D67-9805-43AE-972B-23617556034E}.Debug|Any CPU.Build.0 = Debug|Any CPU
		{925F6D67-9805-43AE-972B-23617556034E}.Release|Any CPU.ActiveCfg = Release|Any CPU
		{925F6D67-9805-43AE-972B-23617556034E}.Release|Any CPU.Build.0 = Release|Any CPU
	EndGlobalSection
	GlobalSection(SolutionProperties) = preSolution
		HideSolutionNode = FALSE
	EndGlobalSection
	GlobalSection(ExtensibilityGlobals) = postSolution
		SolutionGuid = {06E059CD-6DB5-42DC-89C5-96A7F598A3D5}
	EndGlobalSection
EndGlobal
