
Microsoft Visual Studio Solution File, Format Version 12.00
# Visual Studio Version 16
VisualStudioVersion = 16.0.29806.167
MinimumVisualStudioVersion = 10.0.40219.1
Project("{FAE04EC0-301F-11D3-BF4B-00C04F79EFBC}") = "Task6", "Task6.csproj", "{28B93F0F-7687-4DCF-A814-CE9FBA07C732}"
EndProject
Global
	GlobalSection(SolutionConfigurationPlatforms) = preSolution
		Debug|Any CPU = Debug|Any CPU
		Release|Any CPU = Release|Any CPU
	EndGlobalSection
	GlobalSection(ProjectConfigurationPlatforms) = postSolution
		{28B93F0F-7687-4DCF-A814-CE9FBA07C732}.Debug|Any CPU.ActiveCfg = Debug|Any CPU
		{28B93F0F-7687-4DCF-A814-CE9FBA07C732}.Debug|Any CPU.Build.0 = Debug|Any CPU
		{28B93F0F-7687-4DCF-A814-CE9FBA07C732}.Release|Any CPU.ActiveCfg = Release|Any CPU
		{28B93F0F-7687-4DCF-A814-CE9FBA07C732}.Release|Any CPU.Build.0 = Release|Any CPU
	EndGlobalSection
	GlobalSection(SolutionProperties) = preSolution
		HideSolutionNode = FALSE
	EndGlobalSection
	GlobalSection(ExtensibilityGlobals) = postSolution
		SolutionGuid = {45826FF2-C509-441B-87B3-7054AEC005B1}
	EndGlobalSection
EndGlobal
