
Microsoft Visual Studio Solution File, Format Version 12.00
# Visual Studio Version 16
VisualStudioVersion = 16.0.29920.165
MinimumVisualStudioVersion = 10.0.40219.1
Project("{FAE04EC0-301F-11D3-BF4B-00C04F79EFBC}") = "Task2", "Task2.csproj", "{40B69B21-7CF7-468A-BBB9-FA5F699D8FDE}"
EndProject
Global
	GlobalSection(SolutionConfigurationPlatforms) = preSolution
		Debug|Any CPU = Debug|Any CPU
		Release|Any CPU = Release|Any CPU
	EndGlobalSection
	GlobalSection(ProjectConfigurationPlatforms) = postSolution
		{40B69B21-7CF7-468A-BBB9-FA5F699D8FDE}.Debug|Any CPU.ActiveCfg = Debug|Any CPU
		{40B69B21-7CF7-468A-BBB9-FA5F699D8FDE}.Debug|Any CPU.Build.0 = Debug|Any CPU
		{40B69B21-7CF7-468A-BBB9-FA5F699D8FDE}.Release|Any CPU.ActiveCfg = Release|Any CPU
		{40B69B21-7CF7-468A-BBB9-FA5F699D8FDE}.Release|Any CPU.Build.0 = Release|Any CPU
	EndGlobalSection
	GlobalSection(SolutionProperties) = preSolution
		HideSolutionNode = FALSE
	EndGlobalSection
	GlobalSection(ExtensibilityGlobals) = postSolution
		SolutionGuid = {9BAFF891-C535-4381-BAA8-7923C43DC766}
	EndGlobalSection
EndGlobal
