
Microsoft Visual Studio Solution File, Format Version 12.00
# Visual Studio Version 16
VisualStudioVersion = 16.0.29709.97
MinimumVisualStudioVersion = 10.0.40219.1
Project("{FAE04EC0-301F-11D3-BF4B-00C04F79EFBC}") = "Task7", "Task7.csproj", "{8A48B716-5313-4410-AD2E-9C48FDEFE44A}"
EndProject
Global
	GlobalSection(SolutionConfigurationPlatforms) = preSolution
		Debug|Any CPU = Debug|Any CPU
		Release|Any CPU = Release|Any CPU
	EndGlobalSection
	GlobalSection(ProjectConfigurationPlatforms) = postSolution
		{8A48B716-5313-4410-AD2E-9C48FDEFE44A}.Debug|Any CPU.ActiveCfg = Debug|Any CPU
		{8A48B716-5313-4410-AD2E-9C48FDEFE44A}.Debug|Any CPU.Build.0 = Debug|Any CPU
		{8A48B716-5313-4410-AD2E-9C48FDEFE44A}.Release|Any CPU.ActiveCfg = Release|Any CPU
		{8A48B716-5313-4410-AD2E-9C48FDEFE44A}.Release|Any CPU.Build.0 = Release|Any CPU
	EndGlobalSection
	GlobalSection(SolutionProperties) = preSolution
		HideSolutionNode = FALSE
	EndGlobalSection
	GlobalSection(ExtensibilityGlobals) = postSolution
		SolutionGuid = {D6DCD8F6-5D08-4917-AA8A-099F8B5C4C3C}
	EndGlobalSection
EndGlobal
