
Microsoft Visual Studio Solution File, Format Version 12.00
# Visual Studio Version 16
VisualStudioVersion = 16.0.29709.97
MinimumVisualStudioVersion = 10.0.40219.1
Project("{FAE04EC0-301F-11D3-BF4B-00C04F79EFBC}") = "Task5", "Task5.csproj", "{32C389E0-56B9-45A2-A15F-EDB8E176148F}"
EndProject
Global
	GlobalSection(SolutionConfigurationPlatforms) = preSolution
		Debug|Any CPU = Debug|Any CPU
		Release|Any CPU = Release|Any CPU
	EndGlobalSection
	GlobalSection(ProjectConfigurationPlatforms) = postSolution
		{32C389E0-56B9-45A2-A15F-EDB8E176148F}.Debug|Any CPU.ActiveCfg = Debug|Any CPU
		{32C389E0-56B9-45A2-A15F-EDB8E176148F}.Debug|Any CPU.Build.0 = Debug|Any CPU
		{32C389E0-56B9-45A2-A15F-EDB8E176148F}.Release|Any CPU.ActiveCfg = Release|Any CPU
		{32C389E0-56B9-45A2-A15F-EDB8E176148F}.Release|Any CPU.Build.0 = Release|Any CPU
	EndGlobalSection
	GlobalSection(SolutionProperties) = preSolution
		HideSolutionNode = FALSE
	EndGlobalSection
	GlobalSection(ExtensibilityGlobals) = postSolution
		SolutionGuid = {5DBB9FF1-B93B-4A9E-B000-BFD6F5A894A9}
	EndGlobalSection
EndGlobal
