
Microsoft Visual Studio Solution File, Format Version 12.00
# Visual Studio Version 16
VisualStudioVersion = 16.0.29905.134
MinimumVisualStudioVersion = 10.0.40219.1
Project("{FAE04EC0-301F-11D3-BF4B-00C04F79EFBC}") = "Task7", "Task7.csproj", "{22E3565B-DDF2-47D4-817A-D6C4247618F3}"
EndProject
Global
	GlobalSection(SolutionConfigurationPlatforms) = preSolution
		Debug|Any CPU = Debug|Any CPU
		Release|Any CPU = Release|Any CPU
	EndGlobalSection
	GlobalSection(ProjectConfigurationPlatforms) = postSolution
		{22E3565B-DDF2-47D4-817A-D6C4247618F3}.Debug|Any CPU.ActiveCfg = Debug|Any CPU
		{22E3565B-DDF2-47D4-817A-D6C4247618F3}.Debug|Any CPU.Build.0 = Debug|Any CPU
		{22E3565B-DDF2-47D4-817A-D6C4247618F3}.Release|Any CPU.ActiveCfg = Release|Any CPU
		{22E3565B-DDF2-47D4-817A-D6C4247618F3}.Release|Any CPU.Build.0 = Release|Any CPU
	EndGlobalSection
	GlobalSection(SolutionProperties) = preSolution
		HideSolutionNode = FALSE
	EndGlobalSection
	GlobalSection(ExtensibilityGlobals) = postSolution
		SolutionGuid = {F8B40EAF-D524-43AA-BCE9-F4A1821FD3E1}
	EndGlobalSection
EndGlobal
