
Microsoft Visual Studio Solution File, Format Version 12.00
# Visual Studio Version 16
VisualStudioVersion = 16.0.29709.97
MinimumVisualStudioVersion = 10.0.40219.1
Project("{FAE04EC0-301F-11D3-BF4B-00C04F79EFBC}") = "Task3", "Task3.csproj", "{D9D183CD-6AA3-4944-B982-A1C395499F1A}"
EndProject
Global
	GlobalSection(SolutionConfigurationPlatforms) = preSolution
		Debug|Any CPU = Debug|Any CPU
		Release|Any CPU = Release|Any CPU
	EndGlobalSection
	GlobalSection(ProjectConfigurationPlatforms) = postSolution
		{D9D183CD-6AA3-4944-B982-A1C395499F1A}.Debug|Any CPU.ActiveCfg = Debug|Any CPU
		{D9D183CD-6AA3-4944-B982-A1C395499F1A}.Debug|Any CPU.Build.0 = Debug|Any CPU
		{D9D183CD-6AA3-4944-B982-A1C395499F1A}.Release|Any CPU.ActiveCfg = Release|Any CPU
		{D9D183CD-6AA3-4944-B982-A1C395499F1A}.Release|Any CPU.Build.0 = Release|Any CPU
	EndGlobalSection
	GlobalSection(SolutionProperties) = preSolution
		HideSolutionNode = FALSE
	EndGlobalSection
	GlobalSection(ExtensibilityGlobals) = postSolution
		SolutionGuid = {5A702348-3F8C-433F-A79B-FC242DF174DE}
	EndGlobalSection
EndGlobal
