
Microsoft Visual Studio Solution File, Format Version 12.00
# Visual Studio Version 16
VisualStudioVersion = 16.0.29509.3
MinimumVisualStudioVersion = 10.0.40219.1
Project("{FAE04EC0-301F-11D3-BF4B-00C04F79EFBC}") = "Task11", "Task11.csproj", "{2351C28D-9217-409F-BA50-07A6A5A7B229}"
EndProject
Global
	GlobalSection(SolutionConfigurationPlatforms) = preSolution
		Debug|Any CPU = Debug|Any CPU
		Release|Any CPU = Release|Any CPU
	EndGlobalSection
	GlobalSection(ProjectConfigurationPlatforms) = postSolution
		{2351C28D-9217-409F-BA50-07A6A5A7B229}.Debug|Any CPU.ActiveCfg = Debug|Any CPU
		{2351C28D-9217-409F-BA50-07A6A5A7B229}.Debug|Any CPU.Build.0 = Debug|Any CPU
		{2351C28D-9217-409F-BA50-07A6A5A7B229}.Release|Any CPU.ActiveCfg = Release|Any CPU
		{2351C28D-9217-409F-BA50-07A6A5A7B229}.Release|Any CPU.Build.0 = Release|Any CPU
	EndGlobalSection
	GlobalSection(SolutionProperties) = preSolution
		HideSolutionNode = FALSE
	EndGlobalSection
	GlobalSection(ExtensibilityGlobals) = postSolution
		SolutionGuid = {888580D4-332E-4663-9A30-A330D8E3F713}
	EndGlobalSection
EndGlobal
