
Microsoft Visual Studio Solution File, Format Version 12.00
# Visual Studio Version 16
VisualStudioVersion = 16.0.29709.97
MinimumVisualStudioVersion = 10.0.40219.1
Project("{FAE04EC0-301F-11D3-BF4B-00C04F79EFBC}") = "Task5", "Task5.csproj", "{B449BCAE-5CE2-48E2-B831-B7497CA9E3C3}"
EndProject
Global
	GlobalSection(SolutionConfigurationPlatforms) = preSolution
		Debug|Any CPU = Debug|Any CPU
		Release|Any CPU = Release|Any CPU
	EndGlobalSection
	GlobalSection(ProjectConfigurationPlatforms) = postSolution
		{B449BCAE-5CE2-48E2-B831-B7497CA9E3C3}.Debug|Any CPU.ActiveCfg = Debug|Any CPU
		{B449BCAE-5CE2-48E2-B831-B7497CA9E3C3}.Debug|Any CPU.Build.0 = Debug|Any CPU
		{B449BCAE-5CE2-48E2-B831-B7497CA9E3C3}.Release|Any CPU.ActiveCfg = Release|Any CPU
		{B449BCAE-5CE2-48E2-B831-B7497CA9E3C3}.Release|Any CPU.Build.0 = Release|Any CPU
	EndGlobalSection
	GlobalSection(SolutionProperties) = preSolution
		HideSolutionNode = FALSE
	EndGlobalSection
	GlobalSection(ExtensibilityGlobals) = postSolution
		SolutionGuid = {C1F8D6C2-8404-4A1C-9C5C-08E22CA0974A}
	EndGlobalSection
EndGlobal
