
Microsoft Visual Studio Solution File, Format Version 12.00
# Visual Studio Version 16
VisualStudioVersion = 16.0.29709.97
MinimumVisualStudioVersion = 10.0.40219.1
Project("{FAE04EC0-301F-11D3-BF4B-00C04F79EFBC}") = "Task2", "Task2.csproj", "{F228C4B3-3FF1-454B-8A51-9A66C9796AA3}"
EndProject
Global
	GlobalSection(SolutionConfigurationPlatforms) = preSolution
		Debug|Any CPU = Debug|Any CPU
		Release|Any CPU = Release|Any CPU
	EndGlobalSection
	GlobalSection(ProjectConfigurationPlatforms) = postSolution
		{F228C4B3-3FF1-454B-8A51-9A66C9796AA3}.Debug|Any CPU.ActiveCfg = Debug|Any CPU
		{F228C4B3-3FF1-454B-8A51-9A66C9796AA3}.Debug|Any CPU.Build.0 = Debug|Any CPU
		{F228C4B3-3FF1-454B-8A51-9A66C9796AA3}.Release|Any CPU.ActiveCfg = Release|Any CPU
		{F228C4B3-3FF1-454B-8A51-9A66C9796AA3}.Release|Any CPU.Build.0 = Release|Any CPU
	EndGlobalSection
	GlobalSection(SolutionProperties) = preSolution
		HideSolutionNode = FALSE
	EndGlobalSection
	GlobalSection(ExtensibilityGlobals) = postSolution
		SolutionGuid = {B1A9E450-3185-4517-9DDA-73432526F501}
	EndGlobalSection
EndGlobal
